{
  "name": "JS задачи",
  "lockfileVersion": 3,
  "requires": true,
  "packages": {
    "": {
      "dependencies": {
        "transliteration": "^2.6.1"
      }
    },
    "node_modules/transliteration": {
      "version": "2.6.1",
      "resolved": "https://registry.npmjs.org/transliteration/-/transliteration-2.6.1.tgz",
      "integrity": "sha512-hJ9BhrQAOnNTbpOr1MxsNjZISkn7ppvF5TKUeFmTE1mG4ZPD/XVxF0L0LUoIUCWmQyxH0gJpVtfYLAWf298U9w==",
      "license": "MIT",
      "bin": {
        "slugify": "dist/bin/slugify",
        "transliterate": "dist/bin/transliterate"
      },
      "engines": {
        "node": ">=20.0.0"
      }
    }
  }
}
